
Microsoft Visual Studio Solution File, Format Version 12.00
# Visual Studio 15
VisualStudioVersion = 15.0.28010.2016
MinimumVisualStudioVersion = 10.0.40219.1
Project("{FAE04EC0-301F-11D3-BF4B-00C04F79EFBC}") = "LinqAggregate", "LinqAggregate\LinqAggregate.csproj", "{C001E82E-0349-4261-A467-5F9442A73EEC}"
EndProject
Global
	GlobalSection(SolutionConfigurationPlatforms) = preSolution
		Debug|Any CPU = Debug|Any CPU
		Release|Any CPU = Release|Any CPU
	EndGlobalSection
	GlobalSection(ProjectConfigurationPlatforms) = postSolution
		{C001E82E-0349-4261-A467-5F9442A73EEC}.Debug|Any CPU.ActiveCfg = Debug|Any CPU
		{C001E82E-0349-4261-A467-5F9442A73EEC}.Debug|Any CPU.Build.0 = Debug|Any CPU
		{C001E82E-0349-4261-A467-5F9442A73EEC}.Release|Any CPU.ActiveCfg = Release|Any CPU
		{C001E82E-0349-4261-A467-5F9442A73EEC}.Release|Any CPU.Build.0 = Release|Any CPU
	EndGlobalSection
	GlobalSection(SolutionProperties) = preSolution
		HideSolutionNode = FALSE
	EndGlobalSection
	GlobalSection(ExtensibilityGlobals) = postSolution
		SolutionGuid = {17A2CB86-A65E-4654-B3C9-B65150907865}
	EndGlobalSection
EndGlobal
